// !$*UTF8*$!
{
	archiveVersion = 1;
	classes = {
	};
	objectVersion = 56;
	objects = {

/* Begin PBXBuildFile section */
		1A1EE7A42B9541BB00E62095 /* Health_and_WellnessApp.swift in Sources */ = {isa = PBXBuildFile; fileRef = 1A1EE7A32B9541BB00E62095 /* Health_and_WellnessApp.swift */; };
		1A1EE7A82B9541BD00E62095 /* Assets.xcassets in Resources */ = {isa = PBXBuildFile; fileRef = 1A1EE7A72B9541BD00E62095 /* Assets.xcassets */; };
		1A1EE7AB2B9541BD00E62095 /* Preview Assets.xcassets in Resources */ = {isa = PBXBuildFile; fileRef = 1A1EE7AA2B9541BD00E62095 /* Preview Assets.xcassets */; };
		1A1EE7B42B95421400E62095 /* RecipeListView.swift in Sources */ = {isa = PBXBuildFile; fileRef = 1A1EE7B32B95421400E62095 /* RecipeListView.swift */; };
		1A1EE7B62B95423800E62095 /* Recipe.swift in Sources */ = {isa = PBXBuildFile; fileRef = 1A1EE7B52B95423800E62095 /* Recipe.swift */; };
		1A1EE7B82B9544EE00E62095 /* SampleRecipes.json in Resources */ = {isa = PBXBuildFile; fileRef = 1A1EE7B72B9544EE00E62095 /* SampleRecipes.json */; };
		1A1EE7BA2B954D0200E62095 /* RecipeDetailView.swift in Sources */ = {isa = PBXBuildFile; fileRef = 1A1EE7B92B954D0200E62095 /* RecipeDetailView.swift */; };
		1A1EE7BC2B95928C00E62095 /* RecipeCategoryTileView.swift in Sources */ = {isa = PBXBuildFile; fileRef = 1A1EE7BB2B95928C00E62095 /* RecipeCategoryTileView.swift */; };
		1A1EE7C22B95B71400E62095 /* Launch Screen.storyboard in Resources */ = {isa = PBXBuildFile; fileRef = 1A1EE7C12B95B71400E62095 /* Launch Screen.storyboard */; };
		1A1EE7CB2B95B8A600E62095 /* RecipeCategory.swift in Sources */ = {isa = PBXBuildFile; fileRef = 1A1EE7CA2B95B8A600E62095 /* RecipeCategory.swift */; };
		1AB7CC712C721C4E00641344 /* RecipeListViewModel.swift in Sources */ = {isa = PBXBuildFile; fileRef = 1AB7CC702C721C4E00641344 /* RecipeListViewModel.swift */; };
		1AB7CC732C72232C00641344 /* Async.swift in Sources */ = {isa = PBXBuildFile; fileRef = 1AB7CC722C72232C00641344 /* Async.swift */; };
/* End PBXBuildFile section */

/* Begin PBXFileReference section */
		1A1EE7A02B9541BB00E62095 /* Health and Wellness.app */ = {isa = PBXFileReference; explicitFileType = wrapper.application; includeInIndex = 0; path = "Health and Wellness.app"; sourceTree = BUILT_PRODUCTS_DIR; };
		1A1EE7A32B9541BB00E62095 /* Health_and_WellnessApp.swift */ = {isa = PBXFileReference; lastKnownFileType = sourcecode.swift; path = Health_and_WellnessApp.swift; sourceTree = "<group>"; };
		1A1EE7A72B9541BD00E62095 /* Assets.xcassets */ = {isa = PBXFileReference; lastKnownFileType = folder.assetcatalog; path = Assets.xcassets; sourceTree = "<group>"; };
		1A1EE7AA2B9541BD00E62095 /* Preview Assets.xcassets */ = {isa = PBXFileReference; lastKnownFileType = folder.assetcatalog; path = "Preview Assets.xcassets"; sourceTree = "<group>"; };
		1A1EE7B32B95421400E62095 /* RecipeListView.swift */ = {isa = PBXFileReference; lastKnownFileType = sourcecode.swift; path = RecipeListView.swift; sourceTree = "<group>"; };
		1A1EE7B52B95423800E62095 /* Recipe.swift */ = {isa = PBXFileReference; lastKnownFileType = sourcecode.swift; path = Recipe.swift; sourceTree = "<group>"; };
		1A1EE7B72B9544EE00E62095 /* SampleRecipes.json */ = {isa = PBXFileReference; lastKnownFileType = text.json; path = SampleRecipes.json; sourceTree = "<group>"; };
		1A1EE7B92B954D0200E62095 /* RecipeDetailView.swift */ = {isa = PBXFileReference; lastKnownFileType = sourcecode.swift; path = RecipeDetailView.swift; sourceTree = "<group>"; };
		1A1EE7BB2B95928C00E62095 /* RecipeCategoryTileView.swift */ = {isa = PBXFileReference; lastKnownFileType = sourcecode.swift; path = RecipeCategoryTileView.swift; sourceTree = "<group>"; };
		1A1EE7C02B95B0D800E62095 /* Health-and-Wellness-Info.plist */ = {isa = PBXFileReference; lastKnownFileType = text.plist; path = "Health-and-Wellness-Info.plist"; sourceTree = SOURCE_ROOT; };
		1A1EE7C12B95B71400E62095 /* Launch Screen.storyboard */ = {isa = PBXFileReference; lastKnownFileType = file.storyboard; path = "Launch Screen.storyboard"; sourceTree = "<group>"; };
		1A1EE7CA2B95B8A600E62095 /* RecipeCategory.swift */ = {isa = PBXFileReference; lastKnownFileType = sourcecode.swift; path = RecipeCategory.swift; sourceTree = "<group>"; };
		1AB7CC702C721C4E00641344 /* RecipeListViewModel.swift */ = {isa = PBXFileReference; lastKnownFileType = sourcecode.swift; path = RecipeListViewModel.swift; sourceTree = "<group>"; };
		1AB7CC722C72232C00641344 /* Async.swift */ = {isa = PBXFileReference; lastKnownFileType = sourcecode.swift; path = Async.swift; sourceTree = "<group>"; };
		1AB7CC742C88272C00641344 /* TODO.md */ = {isa = PBXFileReference; lastKnownFileType = net.daringfireball.markdown; path = TODO.md; sourceTree = "<group>"; };
/* End PBXFileReference section */

/* Begin PBXFrameworksBuildPhase section */
		1A1EE79D2B9541BB00E62095 /* Frameworks */ = {
			isa = PBXFrameworksBuildPhase;
			buildActionMask = 2147483647;
			files = (
			);
			runOnlyForDeploymentPostprocessing = 0;
		};
/* End PBXFrameworksBuildPhase section */

/* Begin PBXGroup section */
		1A1EE7972B9541BB00E62095 = {
			isa = PBXGroup;
			children = (
				1A1EE7A22B9541BB00E62095 /* Health and Wellness */,
				1A1EE7A12B9541BB00E62095 /* Products */,
			);
			sourceTree = "<group>";
		};
		1A1EE7A12B9541BB00E62095 /* Products */ = {
			isa = PBXGroup;
			children = (
				1A1EE7A02B9541BB00E62095 /* Health and Wellness.app */,
			);
			name = Products;
			sourceTree = "<group>";
		};
		1A1EE7A22B9541BB00E62095 /* Health and Wellness */ = {
			isa = PBXGroup;
			children = (
				1A1EE7C82B95B81900E62095 /* Models */,
				1AB7CC6F2C721C1000641344 /* ViewModels */,
				1A1EE7C42B95B7D900E62095 /* Screens */,
				1A1EE7C72B95B81200E62095 /* Util */,
				1A1EE7C32B95B7AC00E62095 /* Storyboards */,
				1A1EE7C02B95B0D800E62095 /* Health-and-Wellness-Info.plist */,
				1A1EE7A32B9541BB00E62095 /* Health_and_WellnessApp.swift */,
				1AB7CC742C88272C00641344 /* TODO.md */,
				1A1EE7A72B9541BD00E62095 /* Assets.xcassets */,
				1A1EE7A92B9541BD00E62095 /* Preview Content */,
			);
			path = "Health and Wellness";
			sourceTree = "<group>";
		};
		1A1EE7A92B9541BD00E62095 /* Preview Content */ = {
			isa = PBXGroup;
			children = (
				1A1EE7AA2B9541BD00E62095 /* Preview Assets.xcassets */,
			);
			path = "Preview Content";
			sourceTree = "<group>";
		};
		1A1EE7C32B95B7AC00E62095 /* Storyboards */ = {
			isa = PBXGroup;
			children = (
				1A1EE7C12B95B71400E62095 /* Launch Screen.storyboard */,
			);
			path = Storyboards;
			sourceTree = "<group>";
		};
		1A1EE7C42B95B7D900E62095 /* Screens */ = {
			isa = PBXGroup;
			children = (
				1A1EE7C92B95B88A00E62095 /* HomeScreen */,
				1A1EE7C62B95B7FE00E62095 /* RecipeDetailScreen */,
				1A1EE7C52B95B7EE00E62095 /* RecipeListScreen */,
			);
			path = Screens;
			sourceTree = "<group>";
		};
		1A1EE7C52B95B7EE00E62095 /* RecipeListScreen */ = {
			isa = PBXGroup;
			children = (
				1A1EE7B32B95421400E62095 /* RecipeListView.swift */,
			);
			path = RecipeListScreen;
			sourceTree = "<group>";
		};
		1A1EE7C62B95B7FE00E62095 /* RecipeDetailScreen */ = {
			isa = PBXGroup;
			children = (
				1A1EE7B92B954D0200E62095 /* RecipeDetailView.swift */,
			);
			path = RecipeDetailScreen;
			sourceTree = "<group>";
		};
		1A1EE7C72B95B81200E62095 /* Util */ = {
			isa = PBXGroup;
			children = (
				1AB7CC722C72232C00641344 /* Async.swift */,
			);
			path = Util;
			sourceTree = "<group>";
		};
		1A1EE7C82B95B81900E62095 /* Models */ = {
			isa = PBXGroup;
			children = (
				1A1EE7B52B95423800E62095 /* Recipe.swift */,
				1A1EE7CA2B95B8A600E62095 /* RecipeCategory.swift */,
				1A1EE7B72B9544EE00E62095 /* SampleRecipes.json */,
			);
			path = Models;
			sourceTree = "<group>";
		};
		1A1EE7C92B95B88A00E62095 /* HomeScreen */ = {
			isa = PBXGroup;
			children = (
				1A1EE7BB2B95928C00E62095 /* RecipeCategoryTileView.swift */,
			);
			path = HomeScreen;
			sourceTree = "<group>";
		};
		1AB7CC6F2C721C1000641344 /* ViewModels */ = {
			isa = PBXGroup;
			children = (
				1AB7CC702C721C4E00641344 /* RecipeListViewModel.swift */,
			);
			path = ViewModels;
			sourceTree = "<group>";
		};
/* End PBXGroup section */

/* Begin PBXNativeTarget section */
		1A1EE79F2B9541BB00E62095 /* Health and Wellness */ = {
			isa = PBXNativeTarget;
			buildConfigurationList = 1A1EE7AE2B9541BD00E62095 /* Build configuration list for PBXNativeTarget "Health and Wellness" */;
			buildPhases = (
				1A1EE79C2B9541BB00E62095 /* Sources */,
				1A1EE79D2B9541BB00E62095 /* Frameworks */,
				1A1EE79E2B9541BB00E62095 /* Resources */,
			);
			buildRules = (
			);
			dependencies = (
			);
			name = "Health and Wellness";
			productName = "Health and Wellness";
			productReference = 1A1EE7A02B9541BB00E62095 /* Health and Wellness.app */;
			productType = "com.apple.product-type.application";
		};
/* End PBXNativeTarget section */

/* Begin PBXProject section */
		1A1EE7982B9541BB00E62095 /* Project object */ = {
			isa = PBXProject;
			attributes = {
				BuildIndependentTargetsInParallel = 1;
				LastSwiftUpdateCheck = 1400;
				LastUpgradeCheck = 1400;
				TargetAttributes = {
					1A1EE79F2B9541BB00E62095 = {
						CreatedOnToolsVersion = 14.0;
					};
				};
			};
			buildConfigurationList = 1A1EE79B2B9541BB00E62095 /* Build configuration list for PBXProject "Health and Wellness" */;
			compatibilityVersion = "Xcode 14.0";
			developmentRegion = en;
			hasScannedForEncodings = 0;
			knownRegions = (
				en,
				Base,
			);
			mainGroup = 1A1EE7972B9541BB00E62095;
			productRefGroup = 1A1EE7A12B9541BB00E62095 /* Products */;
			projectDirPath = "";
			projectRoot = "";
			targets = (
				1A1EE79F2B9541BB00E62095 /* Health and Wellness */,
			);
		};
/* End PBXProject section */

/* Begin PBXResourcesBuildPhase section */
		1A1EE79E2B9541BB00E62095 /* Resources */ = {
			isa = PBXResourcesBuildPhase;
			buildActionMask = 2147483647;
			files = (
				1A1EE7B82B9544EE00E62095 /* SampleRecipes.json in Resources */,
				1A1EE7AB2B9541BD00E62095 /* Preview Assets.xcassets in Resources */,
				1A1EE7C22B95B71400E62095 /* Launch Screen.storyboard in Resources */,
				1A1EE7A82B9541BD00E62095 /* Assets.xcassets in Resources */,
			);
			runOnlyForDeploymentPostprocessing = 0;
		};
/* End PBXResourcesBuildPhase section */

/* Begin PBXSourcesBuildPhase section */
		1A1EE79C2B9541BB00E62095 /* Sources */ = {
			isa = PBXSourcesBuildPhase;
			buildActionMask = 2147483647;
			files = (
				1AB7CC712C721C4E00641344 /* RecipeListViewModel.swift in Sources */,
				1A1EE7B42B95421400E62095 /* RecipeListView.swift in Sources */,
				1A1EE7BA2B954D0200E62095 /* RecipeDetailView.swift in Sources */,
				1A1EE7A42B9541BB00E62095 /* Health_and_WellnessApp.swift in Sources */,
				1A1EE7BC2B95928C00E62095 /* RecipeCategoryTileView.swift in Sources */,
				1AB7CC732C72232C00641344 /* Async.swift in Sources */,
				1A1EE7B62B95423800E62095 /* Recipe.swift in Sources */,
				1A1EE7CB2B95B8A600E62095 /* RecipeCategory.swift in Sources */,
			);
			runOnlyForDeploymentPostprocessing = 0;
		};
/* End PBXSourcesBuildPhase section */

/* Begin XCBuildConfiguration section */
		1A1EE7AC2B9541BD00E62095 /* Debug */ = {
			isa = XCBuildConfiguration;
			buildSettings = {
				ALWAYS_SEARCH_USER_PATHS = NO;
				CLANG_ANALYZER_NONNULL = YES;
				CLANG_ANALYZER_NUMBER_OBJECT_CONVERSION = YES_AGGRESSIVE;
				CLANG_CXX_LANGUAGE_STANDARD = "gnu++20";
				CLANG_ENABLE_MODULES = YES;
				CLANG_ENABLE_OBJC_ARC = YES;
				CLANG_ENABLE_OBJC_WEAK = YES;
				CLANG_WARN_BLOCK_CAPTURE_AUTORELEASING = YES;
				CLANG_WARN_BOOL_CONVERSION = YES;
				CLANG_WARN_COMMA = YES;
				CLANG_WARN_CONSTANT_CONVERSION = YES;
				CLANG_WARN_DEPRECATED_OBJC_IMPLEMENTATIONS = YES;
				CLANG_WARN_DIRECT_OBJC_ISA_USAGE = YES_ERROR;
				CLANG_WARN_DOCUMENTATION_COMMENTS = YES;
				CLANG_WARN_EMPTY_BODY = YES;
				CLANG_WARN_ENUM_CONVERSION = YES;
				CLANG_WARN_INFINITE_RECURSION = YES;
				CLANG_WARN_INT_CONVERSION = YES;
				CLANG_WARN_NON_LITERAL_NULL_CONVERSION = YES;
				CLANG_WARN_OBJC_IMPLICIT_RETAIN_SELF = YES;
				CLANG_WARN_OBJC_LITERAL_CONVERSION = YES;
				CLANG_WARN_OBJC_ROOT_CLASS = YES_ERROR;
				CLANG_WARN_QUOTED_INCLUDE_IN_FRAMEWORK_HEADER = YES;
				CLANG_WARN_RANGE_LOOP_ANALYSIS = YES;
				CLANG_WARN_STRICT_PROTOTYPES = YES;
				CLANG_WARN_SUSPICIOUS_MOVE = YES;
				CLANG_WARN_UNGUARDED_AVAILABILITY = YES_AGGRESSIVE;
				CLANG_WARN_UNREACHABLE_CODE = YES;
				CLANG_WARN__DUPLICATE_METHOD_MATCH = YES;
				COPY_PHASE_STRIP = NO;
				DEBUG_INFORMATION_FORMAT = dwarf;
				ENABLE_STRICT_OBJC_MSGSEND = YES;
				ENABLE_TESTABILITY = YES;
				GCC_C_LANGUAGE_STANDARD = gnu11;
				GCC_DYNAMIC_NO_PIC = NO;
				GCC_NO_COMMON_BLOCKS = YES;
				GCC_OPTIMIZATION_LEVEL = 0;
				GCC_PREPROCESSOR_DEFINITIONS = (
					"DEBUG=1",
					"$(inherited)",
				);
				GCC_WARN_64_TO_32_BIT_CONVERSION = YES;
				GCC_WARN_ABOUT_RETURN_TYPE = YES_ERROR;
				GCC_WARN_UNDECLARED_SELECTOR = YES;
				GCC_WARN_UNINITIALIZED_AUTOS = YES_AGGRESSIVE;
				GCC_WARN_UNUSED_FUNCTION = YES;
				GCC_WARN_UNUSED_VARIABLE = YES;
				IPHONEOS_DEPLOYMENT_TARGET = 16.0;
				MTL_ENABLE_DEBUG_INFO = INCLUDE_SOURCE;
				MTL_FAST_MATH = YES;
				ONLY_ACTIVE_ARCH = YES;
				SDKROOT = iphoneos;
				SWIFT_ACTIVE_COMPILATION_CONDITIONS = DEBUG;
				SWIFT_OPTIMIZATION_LEVEL = "-Onone";
			};
			name = Debug;
		};
		1A1EE7AD2B9541BD00E62095 /* Release */ = {
			isa = XCBuildConfiguration;
			buildSettings = {
				ALWAYS_SEARCH_USER_PATHS = NO;
				CLANG_ANALYZER_NONNULL = YES;
				CLANG_ANALYZER_NUMBER_OBJECT_CONVERSION = YES_AGGRESSIVE;
				CLANG_CXX_LANGUAGE_STANDARD = "gnu++20";
				CLANG_ENABLE_MODULES = YES;
				CLANG_ENABLE_OBJC_ARC = YES;
				CLANG_ENABLE_OBJC_WEAK = YES;
				CLANG_WARN_BLOCK_CAPTURE_AUTORELEASING = YES;
				CLANG_WARN_BOOL_CONVERSION = YES;
				CLANG_WARN_COMMA = YES;
				CLANG_WARN_CONSTANT_CONVERSION = YES;
				CLANG_WARN_DEPRECATED_OBJC_IMPLEMENTATIONS = YES;
				CLANG_WARN_DIRECT_OBJC_ISA_USAGE = YES_ERROR;
				CLANG_WARN_DOCUMENTATION_COMMENTS = YES;
				CLANG_WARN_EMPTY_BODY = YES;
				CLANG_WARN_ENUM_CONVERSION = YES;
				CLANG_WARN_INFINITE_RECURSION = YES;
				CLANG_WARN_INT_CONVERSION = YES;
				CLANG_WARN_NON_LITERAL_NULL_CONVERSION = YES;
				CLANG_WARN_OBJC_IMPLICIT_RETAIN_SELF = YES;
				CLANG_WARN_OBJC_LITERAL_CONVERSION = YES;
				CLANG_WARN_OBJC_ROOT_CLASS = YES_ERROR;
				CLANG_WARN_QUOTED_INCLUDE_IN_FRAMEWORK_HEADER = YES;
				CLANG_WARN_RANGE_LOOP_ANALYSIS = YES;
				CLANG_WARN_STRICT_PROTOTYPES = YES;
				CLANG_WARN_SUSPICIOUS_MOVE = YES;
				CLANG_WARN_UNGUARDED_AVAILABILITY = YES_AGGRESSIVE;
				CLANG_WARN_UNREACHABLE_CODE = YES;
				CLANG_WARN__DUPLICATE_METHOD_MATCH = YES;
				COPY_PHASE_STRIP = NO;
				DEBUG_INFORMATION_FORMAT = "dwarf-with-dsym";
				ENABLE_NS_ASSERTIONS = NO;
				ENABLE_STRICT_OBJC_MSGSEND = YES;
				GCC_C_LANGUAGE_STANDARD = gnu11;
				GCC_NO_COMMON_BLOCKS = YES;
				GCC_WARN_64_TO_32_BIT_CONVERSION = YES;
				GCC_WARN_ABOUT_RETURN_TYPE = YES_ERROR;
				GCC_WARN_UNDECLARED_SELECTOR = YES;
				GCC_WARN_UNINITIALIZED_AUTOS = YES_AGGRESSIVE;
				GCC_WARN_UNUSED_FUNCTION = YES;
				GCC_WARN_UNUSED_VARIABLE = YES;
				IPHONEOS_DEPLOYMENT_TARGET = 16.0;
				MTL_ENABLE_DEBUG_INFO = NO;
				MTL_FAST_MATH = YES;
				SDKROOT = iphoneos;
				SWIFT_COMPILATION_MODE = wholemodule;
				SWIFT_OPTIMIZATION_LEVEL = "-O";
				VALIDATE_PRODUCT = YES;
			};
			name = Release;
		};
		1A1EE7AF2B9541BD00E62095 /* Debug */ = {
			isa = XCBuildConfiguration;
			buildSettings = {
				ASSETCATALOG_COMPILER_APPICON_NAME = AppIcon;
				ASSETCATALOG_COMPILER_GLOBAL_ACCENT_COLOR_NAME = AccentColor;
				ASSETCATALOG_COMPILER_INCLUDE_ALL_APPICON_ASSETS = YES;
				CODE_SIGN_STYLE = Automatic;
				CURRENT_PROJECT_VERSION = 1;
				DEVELOPMENT_ASSET_PATHS = "\"Health and Wellness/Preview Content\"";
				DEVELOPMENT_TEAM = M9BCN5SAX9;
				ENABLE_PREVIEWS = YES;
				GENERATE_INFOPLIST_FILE = YES;
				INFOPLIST_FILE = "Health-and-Wellness-Info.plist";
				INFOPLIST_KEY_CFBundleDisplayName = "Health & Wellness";
				INFOPLIST_KEY_LSApplicationCategoryType = "public.app-category.food-and-drink";
				INFOPLIST_KEY_UIApplicationSceneManifest_Generation = YES;
				INFOPLIST_KEY_UIApplicationSupportsIndirectInputEvents = YES;
				INFOPLIST_KEY_UILaunchStoryboardName = "Launch Screen.storyboard";
				INFOPLIST_KEY_UISupportedInterfaceOrientations = UIInterfaceOrientationPortrait;
				LD_RUNPATH_SEARCH_PATHS = (
					"$(inherited)",
					"@executable_path/Frameworks",
				);
				MARKETING_VERSION = 1.0;
				PRODUCT_BUNDLE_IDENTIFIER = "codes.james.Health-and-Wellness";
				PRODUCT_NAME = "$(TARGET_NAME)";
				SWIFT_EMIT_LOC_STRINGS = YES;
				SWIFT_VERSION = 5.0;
				TARGETED_DEVICE_FAMILY = "1,2";
			};
			name = Debug;
		};
		1A1EE7B02B9541BD00E62095 /* Release */ = {
			isa = XCBuildConfiguration;
			buildSettings = {
				ASSETCATALOG_COMPILER_APPICON_NAME = AppIcon;
				ASSETCATALOG_COMPILER_GLOBAL_ACCENT_COLOR_NAME = AccentColor;
				ASSETCATALOG_COMPILER_INCLUDE_ALL_APPICON_ASSETS = YES;
				CODE_SIGN_STYLE = Automatic;
				CURRENT_PROJECT_VERSION = 1;
				DEVELOPMENT_ASSET_PATHS = "\"Health and Wellness/Preview Content\"";
				DEVELOPMENT_TEAM = M9BCN5SAX9;
				ENABLE_PREVIEWS = YES;
				GENERATE_INFOPLIST_FILE = YES;
				INFOPLIST_FILE = "Health-and-Wellness-Info.plist";
				INFOPLIST_KEY_CFBundleDisplayName = "Health & Wellness";
				INFOPLIST_KEY_LSApplicationCategoryType = "public.app-category.food-and-drink";
				INFOPLIST_KEY_UIApplicationSceneManifest_Generation = YES;
				INFOPLIST_KEY_UIApplicationSupportsIndirectInputEvents = YES;
				INFOPLIST_KEY_UILaunchStoryboardName = "Launch Screen.storyboard";
				INFOPLIST_KEY_UISupportedInterfaceOrientations = UIInterfaceOrientationPortrait;
				LD_RUNPATH_SEARCH_PATHS = (
					"$(inherited)",
					"@executable_path/Frameworks",
				);
				MARKETING_VERSION = 1.0;
				PRODUCT_BUNDLE_IDENTIFIER = "codes.james.Health-and-Wellness";
				PRODUCT_NAME = "$(TARGET_NAME)";
				SWIFT_EMIT_LOC_STRINGS = YES;
				SWIFT_VERSION = 5.0;
				TARGETED_DEVICE_FAMILY = "1,2";
			};
			name = Release;
		};
/* End XCBuildConfiguration section */

/* Begin XCConfigurationList section */
		1A1EE79B2B9541BB00E62095 /* Build configuration list for PBXProject "Health and Wellness" */ = {
			isa = XCConfigurationList;
			buildConfigurations = (
				1A1EE7AC2B9541BD00E62095 /* Debug */,
				1A1EE7AD2B9541BD00E62095 /* Release */,
			);
			defaultConfigurationIsVisible = 0;
			defaultConfigurationName = Release;
		};
		1A1EE7AE2B9541BD00E62095 /* Build configuration list for PBXNativeTarget "Health and Wellness" */ = {
			isa = XCConfigurationList;
			buildConfigurations = (
				1A1EE7AF2B9541BD00E62095 /* Debug */,
				1A1EE7B02B9541BD00E62095 /* Release */,
			);
			defaultConfigurationIsVisible = 0;
			defaultConfigurationName = Release;
		};
/* End XCConfigurationList section */
	};
	rootObject = 1A1EE7982B9541BB00E62095 /* Project object */;
}
